
Microsoft Visual Studio Solution File, Format Version 12.00
# Visual Studio Version 16
VisualStudioVersion = 16.0.30611.23
MinimumVisualStudioVersion = 10.0.40219.1
Project("{FAE04EC0-301F-11D3-BF4B-00C04F79EFBC}") = "REAccess_Mobile_Api", "REAccess_Mobile_Api\REAccess_Mobile_Api.csproj", "{D666910E-F209-4613-BDE6-315806FDDF5C}"
EndProject
Project("{FAE04EC0-301F-11D3-BF4B-00C04F79EFBC}") = "REAccess_Mobile_Database", "REAccess_Mobile_Database\REAccess_Mobile_Database.csproj", "{AA39374F-FA58-4036-A0D9-68CEE23B15DF}"
EndProject
Project("{FAE04EC0-301F-11D3-BF4B-00C04F79EFBC}") = "REAccess_Mobile_Commen", "REAccess_Mobile_Commen\REAccess_Mobile_Commen.csproj", "{0155CC24-955F-41C2-82BA-82369EF6F41B}"
EndProject
Global
	GlobalSection(SolutionConfigurationPlatforms) = preSolution
		Debug|Any CPU = Debug|Any CPU
		Release|Any CPU = Release|Any CPU
	EndGlobalSection
	GlobalSection(ProjectConfigurationPlatforms) = postSolution
		{D666910E-F209-4613-BDE6-315806FDDF5C}.Debug|Any CPU.ActiveCfg = Debug|Any CPU
		{D666910E-F209-4613-BDE6-315806FDDF5C}.Debug|Any CPU.Build.0 = Debug|Any CPU
		{D666910E-F209-4613-BDE6-315806FDDF5C}.Release|Any CPU.ActiveCfg = Release|Any CPU
		{D666910E-F209-4613-BDE6-315806FDDF5C}.Release|Any CPU.Build.0 = Release|Any CPU
		{AA39374F-FA58-4036-A0D9-68CEE23B15DF}.Debug|Any CPU.ActiveCfg = Debug|Any CPU
		{AA39374F-FA58-4036-A0D9-68CEE23B15DF}.Debug|Any CPU.Build.0 = Debug|Any CPU
		{AA39374F-FA58-4036-A0D9-68CEE23B15DF}.Release|Any CPU.ActiveCfg = Release|Any CPU
		{AA39374F-FA58-4036-A0D9-68CEE23B15DF}.Release|Any CPU.Build.0 = Release|Any CPU
		{0155CC24-955F-41C2-82BA-82369EF6F41B}.Debug|Any CPU.ActiveCfg = Debug|Any CPU
		{0155CC24-955F-41C2-82BA-82369EF6F41B}.Debug|Any CPU.Build.0 = Debug|Any CPU
		{0155CC24-955F-41C2-82BA-82369EF6F41B}.Release|Any CPU.ActiveCfg = Release|Any CPU
		{0155CC24-955F-41C2-82BA-82369EF6F41B}.Release|Any CPU.Build.0 = Release|Any CPU
	EndGlobalSection
	GlobalSection(SolutionProperties) = preSolution
		HideSolutionNode = FALSE
	EndGlobalSection
	GlobalSection(ExtensibilityGlobals) = postSolution
		SolutionGuid = {C9F5C53C-704C-420B-B84C-AC56FAD847B1}
	EndGlobalSection
EndGlobal
